PODS:
  - Alamofire (5.0.0-rc.3)
  - GoogleMaps (3.6.0):
    - GoogleMaps/Maps (= 3.6.0)
  - GoogleMaps/Base (3.6.0)
  - GoogleMaps/Maps (3.6.0):
    - GoogleMaps/Base
  - IQKeyboardManagerSwift (6.5.4)
  - JGProgressHUD (2.1)
  - Kingfisher (5.12.0):
    - Kingfisher/Core (= 5.12.0)
  - Kingfisher/Core (5.12.0)
  - KMPlaceholderTextView (1.4.0)

DEPENDENCIES:
  - Alamofire (~> 5.0.0-rc.3)
  - GoogleMaps
  - IQKeyboardManagerSwift
  - JGProgressHUD
  - Kingfisher (~> 5.0)
  - KMPlaceholderTextView

SPEC REPOS:
  trunk:
    - Alamofire
    - GoogleMaps
    - IQKeyboardManagerSwift
    - JGProgressHUD
    - Kingfisher
    - KMPlaceholderTextView

SPEC CHECKSUMS:
  Alamofire: ca8c0de6906873be89d6deec5c8de279e00bf872
  GoogleMaps: 82f8fe307193bb4de6ef6bf9e88f1d624b718f9d
  IQKeyboardManagerSwift: 2dde0fc70110e8eac7ccce2a46fdbec6a850b414
  JGProgressHUD: aa403e9a5b45cae98903c4600cccdd98c0c3ec90
  Kingfisher: dc6e0f53bb5b12c3e75bedb0e01bbd7a640eea69
  KMPlaceholderTextView: 2206c3df39979e9396e2d96fa9f427a8951121b0

PODFILE CHECKSUM: 4d2b3912cff12cd20ab18a2a802a589271900c33

COCOAPODS: 1.8.4
